
Microsoft Visual Studio Solution File, Format Version 12.00
# Visual Studio 15
VisualStudioVersion = 15.0.28307.572
MinimumVisualStudioVersion = 10.0.40219.1
Project("{FAE04EC0-301F-11D3-BF4B-00C04F79EFBC}") = "LinqExercises", "LinqExercises\LinqExercises.csproj", "{C532B4AA-5ACD-4A54-814C-A7B15FF6AA8E}"
EndProject
Global
	GlobalSection(SolutionConfigurationPlatforms) = preSolution
		Debug|Any CPU = Debug|Any CPU
		Release|Any CPU = Release|Any CPU
	EndGlobalSection
	GlobalSection(ProjectConfigurationPlatforms) = postSolution
		{C532B4AA-5ACD-4A54-814C-A7B15FF6AA8E}.Debug|Any CPU.ActiveCfg = Debug|Any CPU
		{C532B4AA-5ACD-4A54-814C-A7B15FF6AA8E}.Debug|Any CPU.Build.0 = Debug|Any CPU
		{C532B4AA-5ACD-4A54-814C-A7B15FF6AA8E}.Release|Any CPU.ActiveCfg = Release|Any CPU
		{C532B4AA-5ACD-4A54-814C-A7B15FF6AA8E}.Release|Any CPU.Build.0 = Release|Any CPU
	EndGlobalSection
	GlobalSection(SolutionProperties) = preSolution
		HideSolutionNode = FALSE
	EndGlobalSection
	GlobalSection(ExtensibilityGlobals) = postSolution
		SolutionGuid = {67DB7770-342F-45A7-A1BC-904CEA1D55A9}
	EndGlobalSection
EndGlobal
